
Microsoft Visual Studio Solution File, Format Version 12.00
# Visual Studio Version 17
VisualStudioVersion = 17.4.33213.308
MinimumVisualStudioVersion = 10.0.40219.1
Project("{9A19103F-16F7-4668-BE54-9A1E7A4F7556}") = "apiCore", "apiCore\apiCore.csproj", "{7067A3B1-4A62-41E6-81F0-E0D0D3F73466}"
EndProject
Global
	GlobalSection(SolutionConfigurationPlatforms) = preSolution
		Debug|Any CPU = Debug|Any CPU
		Release|Any CPU = Release|Any CPU
	EndGlobalSection
	GlobalSection(ProjectConfigurationPlatforms) = postSolution
		{7067A3B1-4A62-41E6-81F0-E0D0D3F73466}.Debug|Any CPU.ActiveCfg = Debug|Any CPU
		{7067A3B1-4A62-41E6-81F0-E0D0D3F73466}.Debug|Any CPU.Build.0 = Debug|Any CPU
		{7067A3B1-4A62-41E6-81F0-E0D0D3F73466}.Release|Any CPU.ActiveCfg = Release|Any CPU
		{7067A3B1-4A62-41E6-81F0-E0D0D3F73466}.Release|Any CPU.Build.0 = Release|Any CPU
	EndGlobalSection
	GlobalSection(SolutionProperties) = preSolution
		HideSolutionNode = FALSE
	EndGlobalSection
	GlobalSection(ExtensibilityGlobals) = postSolution
		SolutionGuid = {B70904E8-F09C-425A-AC08-6B55BF6E5C58}
	EndGlobalSection
EndGlobal
